
Microsoft Visual Studio Solution File, Format Version 12.00
# Visual Studio Version 17
VisualStudioVersion = 17.10.35027.167
MinimumVisualStudioVersion = 10.0.40219.1
Project("{FAE04EC0-301F-11D3-BF4B-00C04F79EFBC}") = "Patikafy", "Patikafy\Patikafy.csproj", "{BA86AFFE-95BA-4F1B-A9DD-6DCF7F1DFC7C}"
EndProject
Global
	GlobalSection(SolutionConfigurationPlatforms) = preSolution
		Debug|Any CPU = Debug|Any CPU
		Release|Any CPU = Release|Any CPU
	EndGlobalSection
	GlobalSection(ProjectConfigurationPlatforms) = postSolution
		{BA86AFFE-95BA-4F1B-A9DD-6DCF7F1DFC7C}.Debug|Any CPU.ActiveCfg = Debug|Any CPU
		{BA86AFFE-95BA-4F1B-A9DD-6DCF7F1DFC7C}.Debug|Any CPU.Build.0 = Debug|Any CPU
		{BA86AFFE-95BA-4F1B-A9DD-6DCF7F1DFC7C}.Release|Any CPU.ActiveCfg = Release|Any CPU
		{BA86AFFE-95BA-4F1B-A9DD-6DCF7F1DFC7C}.Release|Any CPU.Build.0 = Release|Any CPU
	EndGlobalSection
	GlobalSection(SolutionProperties) = preSolution
		HideSolutionNode = FALSE
	EndGlobalSection
	GlobalSection(ExtensibilityGlobals) = postSolution
		SolutionGuid = {BE14E174-029E-449A-8DBC-59ED7F0B3648}
	EndGlobalSection
EndGlobal
